// !$*UTF8*$!
{
	archiveVersion = 1;
	classes = {
	};
	objectVersion = 50;
	objects = {

/* Begin PBXBuildFile section */
		CFBF6EF82336B03B00291558 /* AppDelegate.swift in Sources */ = {isa = PBXBuildFile; fileRef = CFBF6EF72336B03B00291558 /* AppDelegate.swift */; };
		CFBF6EFA2336B03B00291558 /* ViewController.swift in Sources */ = {isa = PBXBuildFile; fileRef = CFBF6EF92336B03B00291558 /* ViewController.swift */; };
		CFBF6EFD2336B03B00291558 /* Main.storyboard in Resources */ = {isa = PBXBuildFile; fileRef = CFBF6EFB2336B03B00291558 /* Main.storyboard */; };
		CFBF6F002336B03B00291558 /* The_Library.xcdatamodeld in Sources */ = {isa = PBXBuildFile; fileRef = CFBF6EFE2336B03B00291558 /* The_Library.xcdatamodeld */; };
		CFBF6F022336B03D00291558 /* Assets.xcassets in Resources */ = {isa = PBXBuildFile; fileRef = CFBF6F012336B03D00291558 /* Assets.xcassets */; };
		CFBF6F052336B03D00291558 /* LaunchScreen.storyboard in Resources */ = {isa = PBXBuildFile; fileRef = CFBF6F032336B03D00291558 /* LaunchScreen.storyboard */; };
		CFBF6F0F2336B0F200291558 /* Book.swift in Sources */ = {isa = PBXBuildFile; fileRef = CFBF6F0E2336B0F200291558 /* Book.swift */; };
		CFBF6F132336B87600291558 /* Location.swift in Sources */ = {isa = PBXBuildFile; fileRef = CFBF6F122336B87600291558 /* Location.swift */; };
		CFBF6F152336B9E100291558 /* Extensions.swift in Sources */ = {isa = PBXBuildFile; fileRef = CFBF6F142336B9E100291558 /* Extensions.swift */; };
		CFBF6F1723377A0500291558 /* Constants.swift in Sources */ = {isa = PBXBuildFile; fileRef = CFBF6F1623377A0500291558 /* Constants.swift */; };
		CFBF6F192337812100291558 /* AddBookEntryVC.swift in Sources */ = {isa = PBXBuildFile; fileRef = CFBF6F182337812100291558 /* AddBookEntryVC.swift */; };
		CFC7EBB3234A5DF300C95E47 /* ISBNVC.swift in Sources */ = {isa = PBXBuildFile; fileRef = CFC7EBB2234A5DF300C95E47 /* ISBNVC.swift */; };
		CFC7EBB5234A5E0A00C95E47 /* ManualEntryVC.swift in Sources */ = {isa = PBXBuildFile; fileRef = CFC7EBB4234A5E0A00C95E47 /* ManualEntryVC.swift */; };
/* End PBXBuildFile section */

/* Begin PBXFileReference section */
		CFBF6EF42336B03B00291558 /* The Library.app */ = {isa = PBXFileReference; explicitFileType = wrapper.application; includeInIndex = 0; path = "The Library.app"; sourceTree = BUILT_PRODUCTS_DIR; };
		CFBF6EF72336B03B00291558 /* AppDelegate.swift */ = {isa = PBXFileReference; lastKnownFileType = sourcecode.swift; path = AppDelegate.swift; sourceTree = "<group>"; };
		CFBF6EF92336B03B00291558 /* ViewController.swift */ = {isa = PBXFileReference; lastKnownFileType = sourcecode.swift; path = ViewController.swift; sourceTree = "<group>"; };
		CFBF6EFC2336B03B00291558 /* Base */ = {isa = PBXFileReference; lastKnownFileType = file.storyboard; name = Base; path = Base.lproj/Main.storyboard; sourceTree = "<group>"; };
		CFBF6EFF2336B03B00291558 /* The_Library.xcdatamodel */ = {isa = PBXFileReference; lastKnownFileType = wrapper.xcdatamodel; path = The_Library.xcdatamodel; sourceTree = "<group>"; };
		CFBF6F012336B03D00291558 /* Assets.xcassets */ = {isa = PBXFileReference; lastKnownFileType = folder.assetcatalog; path = Assets.xcassets; sourceTree = "<group>"; };
		CFBF6F042336B03D00291558 /* Base */ = {isa = PBXFileReference; lastKnownFileType = file.storyboard; name = Base; path = Base.lproj/LaunchScreen.storyboard; sourceTree = "<group>"; };
		CFBF6F062336B03D00291558 /* Info.plist */ = {isa = PBXFileReference; lastKnownFileType = text.plist.xml; path = Info.plist; sourceTree = "<group>"; };
		CFBF6F0E2336B0F200291558 /* Book.swift */ = {isa = PBXFileReference; lastKnownFileType = sourcecode.swift; path = Book.swift; sourceTree = "<group>"; };
		CFBF6F122336B87600291558 /* Location.swift */ = {isa = PBXFileReference; lastKnownFileType = sourcecode.swift; path = Location.swift; sourceTree = "<group>"; };
		CFBF6F142336B9E100291558 /* Extensions.swift */ = {isa = PBXFileReference; lastKnownFileType = sourcecode.swift; path = Extensions.swift; sourceTree = "<group>"; };
		CFBF6F1623377A0500291558 /* Constants.swift */ = {isa = PBXFileReference; lastKnownFileType = sourcecode.swift; path = Constants.swift; sourceTree = "<group>"; };
		CFBF6F182337812100291558 /* AddBookEntryVC.swift */ = {isa = PBXFileReference; lastKnownFileType = sourcecode.swift; path = AddBookEntryVC.swift; sourceTree = "<group>"; };
		CFC7EBB2234A5DF300C95E47 /* ISBNVC.swift */ = {isa = PBXFileReference; lastKnownFileType = sourcecode.swift; path = ISBNVC.swift; sourceTree = "<group>"; };
		CFC7EBB4234A5E0A00C95E47 /* ManualEntryVC.swift */ = {isa = PBXFileReference; lastKnownFileType = sourcecode.swift; path = ManualEntryVC.swift; sourceTree = "<group>"; };
/* End PBXFileReference section */

/* Begin PBXFrameworksBuildPhase section */
		CFBF6EF12336B03B00291558 /* Frameworks */ = {
			isa = PBXFrameworksBuildPhase;
			buildActionMask = 2147483647;
			files = (
			);
			runOnlyForDeploymentPostprocessing = 0;
		};
/* End PBXFrameworksBuildPhase section */

/* Begin PBXGroup section */
		CFBF6EEB2336B03B00291558 = {
			isa = PBXGroup;
			children = (
				CFBF6EF62336B03B00291558 /* The Library */,
				CFBF6EF52336B03B00291558 /* Products */,
			);
			sourceTree = "<group>";
		};
		CFBF6EF52336B03B00291558 /* Products */ = {
			isa = PBXGroup;
			children = (
				CFBF6EF42336B03B00291558 /* The Library.app */,
			);
			name = Products;
			sourceTree = "<group>";
		};
		CFBF6EF62336B03B00291558 /* The Library */ = {
			isa = PBXGroup;
			children = (
				CFBF6F0E2336B0F200291558 /* Book.swift */,
				CFBF6F122336B87600291558 /* Location.swift */,
				CFBF6F142336B9E100291558 /* Extensions.swift */,
				CFBF6F1623377A0500291558 /* Constants.swift */,
				CFBF6EF72336B03B00291558 /* AppDelegate.swift */,
				CFBF6EF92336B03B00291558 /* ViewController.swift */,
				CFBF6F182337812100291558 /* AddBookEntryVC.swift */,
				CFBF6EFB2336B03B00291558 /* Main.storyboard */,
				CFC7EBB2234A5DF300C95E47 /* ISBNVC.swift */,
				CFC7EBB4234A5E0A00C95E47 /* ManualEntryVC.swift */,
				CFBF6F012336B03D00291558 /* Assets.xcassets */,
				CFBF6F032336B03D00291558 /* LaunchScreen.storyboard */,
				CFBF6F062336B03D00291558 /* Info.plist */,
				CFBF6EFE2336B03B00291558 /* The_Library.xcdatamodeld */,
			);
			path = "The Library";
			sourceTree = "<group>";
		};
/* End PBXGroup section */

/* Begin PBXNativeTarget section */
		CFBF6EF32336B03B00291558 /* The Library */ = {
			isa = PBXNativeTarget;
			buildConfigurationList = CFBF6F092336B03D00291558 /* Build configuration list for PBXNativeTarget "The Library" */;
			buildPhases = (
				CFBF6EF02336B03B00291558 /* Sources */,
				CFBF6EF12336B03B00291558 /* Frameworks */,
				CFBF6EF22336B03B00291558 /* Resources */,
			);
			buildRules = (
			);
			dependencies = (
			);
			name = "The Library";
			productName = "The Library";
			productReference = CFBF6EF42336B03B00291558 /* The Library.app */;
			productType = "com.apple.product-type.application";
		};
/* End PBXNativeTarget section */

/* Begin PBXProject section */
		CFBF6EEC2336B03B00291558 /* Project object */ = {
			isa = PBXProject;
			attributes = {
				LastSwiftUpdateCheck = 1030;
				LastUpgradeCheck = 1030;
				ORGANIZATIONNAME = "Q Technologies";
				TargetAttributes = {
					CFBF6EF32336B03B00291558 = {
						CreatedOnToolsVersion = 10.3;
					};
				};
			};
			buildConfigurationList = CFBF6EEF2336B03B00291558 /* Build configuration list for PBXProject "The Library" */;
			compatibilityVersion = "Xcode 9.3";
			developmentRegion = en;
			hasScannedForEncodings = 0;
			knownRegions = (
				en,
				Base,
			);
			mainGroup = CFBF6EEB2336B03B00291558;
			productRefGroup = CFBF6EF52336B03B00291558 /* Products */;
			projectDirPath = "";
			projectRoot = "";
			targets = (
				CFBF6EF32336B03B00291558 /* The Library */,
			);
		};
/* End PBXProject section */

/* Begin PBXResourcesBuildPhase section */
		CFBF6EF22336B03B00291558 /* Resources */ = {
			isa = PBXResourcesBuildPhase;
			buildActionMask = 2147483647;
			files = (
				CFBF6F052336B03D00291558 /* LaunchScreen.storyboard in Resources */,
				CFBF6F022336B03D00291558 /* Assets.xcassets in Resources */,
				CFBF6EFD2336B03B00291558 /* Main.storyboard in Resources */,
			);
			runOnlyForDeploymentPostprocessing = 0;
		};
/* End PBXResourcesBuildPhase section */

/* Begin PBXSourcesBuildPhase section */
		CFBF6EF02336B03B00291558 /* Sources */ = {
			isa = PBXSourcesBuildPhase;
			buildActionMask = 2147483647;
			files = (
				CFBF6F0F2336B0F200291558 /* Book.swift in Sources */,
				CFBF6F002336B03B00291558 /* The_Library.xcdatamodeld in Sources */,
				CFBF6EFA2336B03B00291558 /* ViewController.swift in Sources */,
				CFBF6F132336B87600291558 /* Location.swift in Sources */,
				CFBF6F1723377A0500291558 /* Constants.swift in Sources */,
				CFC7EBB5234A5E0A00C95E47 /* ManualEntryVC.swift in Sources */,
				CFBF6EF82336B03B00291558 /* AppDelegate.swift in Sources */,
				CFC7EBB3234A5DF300C95E47 /* ISBNVC.swift in Sources */,
				CFBF6F192337812100291558 /* AddBookEntryVC.swift in Sources */,
				CFBF6F152336B9E100291558 /* Extensions.swift in Sources */,
			);
			runOnlyForDeploymentPostprocessing = 0;
		};
/* End PBXSourcesBuildPhase section */

/* Begin PBXVariantGroup section */
		CFBF6EFB2336B03B00291558 /* Main.storyboard */ = {
			isa = PBXVariantGroup;
			children = (
				CFBF6EFC2336B03B00291558 /* Base */,
			);
			name = Main.storyboard;
			sourceTree = "<group>";
		};
		CFBF6F032336B03D00291558 /* LaunchScreen.storyboard */ = {
			isa = PBXVariantGroup;
			children = (
				CFBF6F042336B03D00291558 /* Base */,
			);
			name = LaunchScreen.storyboard;
			sourceTree = "<group>";
		};
/* End PBXVariantGroup section */

/* Begin XCBuildConfiguration section */
		CFBF6F072336B03D00291558 /* Debug */ = {
			isa = XCBuildConfiguration;
			buildSettings = {
				ALWAYS_SEARCH_USER_PATHS = NO;
				CLANG_ANALYZER_NONNULL = YES;
				CLANG_ANALYZER_NUMBER_OBJECT_CONVERSION = YES_AGGRESSIVE;
				CLANG_CXX_LANGUAGE_STANDARD = "gnu++14";
				CLANG_CXX_LIBRARY = "libc++";
				CLANG_ENABLE_MODULES = YES;
				CLANG_ENABLE_OBJC_ARC = YES;
				CLANG_ENABLE_OBJC_WEAK = YES;
				CLANG_WARN_BLOCK_CAPTURE_AUTORELEASING = YES;
				CLANG_WARN_BOOL_CONVERSION = YES;
				CLANG_WARN_COMMA = YES;
				CLANG_WARN_CONSTANT_CONVERSION = YES;
				CLANG_WARN_DEPRECATED_OBJC_IMPLEMENTATIONS = YES;
				CLANG_WARN_DIRECT_OBJC_ISA_USAGE = YES_ERROR;
				CLANG_WARN_DOCUMENTATION_COMMENTS = YES;
				CLANG_WARN_EMPTY_BODY = YES;
				CLANG_WARN_ENUM_CONVERSION = YES;
				CLANG_WARN_INFINITE_RECURSION = YES;
				CLANG_WARN_INT_CONVERSION = YES;
				CLANG_WARN_NON_LITERAL_NULL_CONVERSION = YES;
				CLANG_WARN_OBJC_IMPLICIT_RETAIN_SELF = YES;
				CLANG_WARN_OBJC_LITERAL_CONVERSION = YES;
				CLANG_WARN_OBJC_ROOT_CLASS = YES_ERROR;
				CLANG_WARN_RANGE_LOOP_ANALYSIS = YES;
				CLANG_WARN_STRICT_PROTOTYPES = YES;
				CLANG_WARN_SUSPICIOUS_MOVE = YES;
				CLANG_WARN_UNGUARDED_AVAILABILITY = YES_AGGRESSIVE;
				CLANG_WARN_UNREACHABLE_CODE = YES;
				CLANG_WARN__DUPLICATE_METHOD_MATCH = YES;
				CODE_SIGN_IDENTITY = "iPhone Developer";
				COPY_PHASE_STRIP = NO;
				DEBUG_INFORMATION_FORMAT = dwarf;
				ENABLE_STRICT_OBJC_MSGSEND = YES;
				ENABLE_TESTABILITY = YES;
				GCC_C_LANGUAGE_STANDARD = gnu11;
				GCC_DYNAMIC_NO_PIC = NO;
				GCC_NO_COMMON_BLOCKS = YES;
				GCC_OPTIMIZATION_LEVEL = 0;
				GCC_PREPROCESSOR_DEFINITIONS = (
					"DEBUG=1",
					"$(inherited)",
				);
				GCC_WARN_64_TO_32_BIT_CONVERSION = YES;
				GCC_WARN_ABOUT_RETURN_TYPE = YES_ERROR;
				GCC_WARN_UNDECLARED_SELECTOR = YES;
				GCC_WARN_UNINITIALIZED_AUTOS = YES_AGGRESSIVE;
				GCC_WARN_UNUSED_FUNCTION = YES;
				GCC_WARN_UNUSED_VARIABLE = YES;
				IPHONEOS_DEPLOYMENT_TARGET = 12.4;
				MTL_ENABLE_DEBUG_INFO = INCLUDE_SOURCE;
				MTL_FAST_MATH = YES;
				ONLY_ACTIVE_ARCH = YES;
				SDKROOT = iphoneos;
				SWIFT_ACTIVE_COMPILATION_CONDITIONS = DEBUG;
				SWIFT_OPTIMIZATION_LEVEL = "-Onone";
			};
			name = Debug;
		};
		CFBF6F082336B03D00291558 /* Release */ = {
			isa = XCBuildConfiguration;
			buildSettings = {
				ALWAYS_SEARCH_USER_PATHS = NO;
				CLANG_ANALYZER_NONNULL = YES;
				CLANG_ANALYZER_NUMBER_OBJECT_CONVERSION = YES_AGGRESSIVE;
				CLANG_CXX_LANGUAGE_STANDARD = "gnu++14";
				CLANG_CXX_LIBRARY = "libc++";
				CLANG_ENABLE_MODULES = YES;
				CLANG_ENABLE_OBJC_ARC = YES;
				CLANG_ENABLE_OBJC_WEAK = YES;
				CLANG_WARN_BLOCK_CAPTURE_AUTORELEASING = YES;
				CLANG_WARN_BOOL_CONVERSION = YES;
				CLANG_WARN_COMMA = YES;
				CLANG_WARN_CONSTANT_CONVERSION = YES;
				CLANG_WARN_DEPRECATED_OBJC_IMPLEMENTATIONS = YES;
				CLANG_WARN_DIRECT_OBJC_ISA_USAGE = YES_ERROR;
				CLANG_WARN_DOCUMENTATION_COMMENTS = YES;
				CLANG_WARN_EMPTY_BODY = YES;
				CLANG_WARN_ENUM_CONVERSION = YES;
				CLANG_WARN_INFINITE_RECURSION = YES;
				CLANG_WARN_INT_CONVERSION = YES;
				CLANG_WARN_NON_LITERAL_NULL_CONVERSION = YES;
				CLANG_WARN_OBJC_IMPLICIT_RETAIN_SELF = YES;
				CLANG_WARN_OBJC_LITERAL_CONVERSION = YES;
				CLANG_WARN_OBJC_ROOT_CLASS = YES_ERROR;
				CLANG_WARN_RANGE_LOOP_ANALYSIS = YES;
				CLANG_WARN_STRICT_PROTOTYPES = YES;
				CLANG_WARN_SUSPICIOUS_MOVE = YES;
				CLANG_WARN_UNGUARDED_AVAILABILITY = YES_AGGRESSIVE;
				CLANG_WARN_UNREACHABLE_CODE = YES;
				CLANG_WARN__DUPLICATE_METHOD_MATCH = YES;
				CODE_SIGN_IDENTITY = "iPhone Developer";
				COPY_PHASE_STRIP = NO;
				DEBUG_INFORMATION_FORMAT = "dwarf-with-dsym";
				ENABLE_NS_ASSERTIONS = NO;
				ENABLE_STRICT_OBJC_MSGSEND = YES;
				GCC_C_LANGUAGE_STANDARD = gnu11;
				GCC_NO_COMMON_BLOCKS = YES;
				GCC_WARN_64_TO_32_BIT_CONVERSION = YES;
				GCC_WARN_ABOUT_RETURN_TYPE = YES_ERROR;
				GCC_WARN_UNDECLARED_SELECTOR = YES;
				GCC_WARN_UNINITIALIZED_AUTOS = YES_AGGRESSIVE;
				GCC_WARN_UNUSED_FUNCTION = YES;
				GCC_WARN_UNUSED_VARIABLE = YES;
				IPHONEOS_DEPLOYMENT_TARGET = 12.4;
				MTL_ENABLE_DEBUG_INFO = NO;
				MTL_FAST_MATH = YES;
				SDKROOT = iphoneos;
				SWIFT_COMPILATION_MODE = wholemodule;
				SWIFT_OPTIMIZATION_LEVEL = "-O";
				VALIDATE_PRODUCT = YES;
			};
			name = Release;
		};
		CFBF6F0A2336B03D00291558 /* Debug */ = {
			isa = XCBuildConfiguration;
			buildSettings = {
				ASSETCATALOG_COMPILER_APPICON_NAME = AppIcon;
				CODE_SIGN_STYLE = Automatic;
				DEVELOPMENT_TEAM = 569W85DQKZ;
				INFOPLIST_FILE = "The Library/Info.plist";
				LD_RUNPATH_SEARCH_PATHS = (
					"$(inherited)",
					"@executable_path/Frameworks",
				);
				PRODUCT_BUNDLE_IDENTIFIER = "com.QTechnologies.The-Library";
				PRODUCT_NAME = "$(TARGET_NAME)";
				SWIFT_VERSION = 5.0;
				TARGETED_DEVICE_FAMILY = "1,2";
			};
			name = Debug;
		};
		CFBF6F0B2336B03D00291558 /* Release */ = {
			isa = XCBuildConfiguration;
			buildSettings = {
				ASSETCATALOG_COMPILER_APPICON_NAME = AppIcon;
				CODE_SIGN_STYLE = Automatic;
				DEVELOPMENT_TEAM = 569W85DQKZ;
				INFOPLIST_FILE = "The Library/Info.plist";
				LD_RUNPATH_SEARCH_PATHS = (
					"$(inherited)",
					"@executable_path/Frameworks",
				);
				PRODUCT_BUNDLE_IDENTIFIER = "com.QTechnologies.The-Library";
				PRODUCT_NAME = "$(TARGET_NAME)";
				SWIFT_VERSION = 5.0;
				TARGETED_DEVICE_FAMILY = "1,2";
			};
			name = Release;
		};
/* End XCBuildConfiguration section */

/* Begin XCConfigurationList section */
		CFBF6EEF2336B03B00291558 /* Build configuration list for PBXProject "The Library" */ = {
			isa = XCConfigurationList;
			buildConfigurations = (
				CFBF6F072336B03D00291558 /* Debug */,
				CFBF6F082336B03D00291558 /* Release */,
			);
			defaultConfigurationIsVisible = 0;
			defaultConfigurationName = Release;
		};
		CFBF6F092336B03D00291558 /* Build configuration list for PBXNativeTarget "The Library" */ = {
			isa = XCConfigurationList;
			buildConfigurations = (
				CFBF6F0A2336B03D00291558 /* Debug */,
				CFBF6F0B2336B03D00291558 /* Release */,
			);
			defaultConfigurationIsVisible = 0;
			defaultConfigurationName = Release;
		};
/* End XCConfigurationList section */

/* Begin XCVersionGroup section */
		CFBF6EFE2336B03B00291558 /* The_Library.xcdatamodeld */ = {
			isa = XCVersionGroup;
			children = (
				CFBF6EFF2336B03B00291558 /* The_Library.xcdatamodel */,
			);
			currentVersion = CFBF6EFF2336B03B00291558 /* The_Library.xcdatamodel */;
			path = The_Library.xcdatamodeld;
			sourceTree = "<group>";
			versionGroupType = wrapper.xcdatamodel;
		};
/* End XCVersionGroup section */
	};
	rootObject = CFBF6EEC2336B03B00291558 /* Project object */;
}
